
Microsoft Visual Studio Solution File, Format Version 12.00
# Visual Studio Version 17
VisualStudioVersion = 17.5.33502.453
MinimumVisualStudioVersion = 10.0.40219.1
Project("{FAE04EC0-301F-11D3-BF4B-00C04F79EFBC}") = "Projeto2Bim", "Projeto2Bim.csproj", "{BF420B5A-36CB-4309-ADFA-8D8DADACDA93}"
EndProject
Global
	GlobalSection(SolutionConfigurationPlatforms) = preSolution
		Debug|Any CPU = Debug|Any CPU
		Release|Any CPU = Release|Any CPU
	EndGlobalSection
	GlobalSection(ProjectConfigurationPlatforms) = postSolution
		{BF420B5A-36CB-4309-ADFA-8D8DADACDA93}.Debug|Any CPU.ActiveCfg = Debug|Any CPU
		{BF420B5A-36CB-4309-ADFA-8D8DADACDA93}.Debug|Any CPU.Build.0 = Debug|Any CPU
		{BF420B5A-36CB-4309-ADFA-8D8DADACDA93}.Release|Any CPU.ActiveCfg = Release|Any CPU
		{BF420B5A-36CB-4309-ADFA-8D8DADACDA93}.Release|Any CPU.Build.0 = Release|Any CPU
	EndGlobalSection
	GlobalSection(SolutionProperties) = preSolution
		HideSolutionNode = FALSE
	EndGlobalSection
	GlobalSection(ExtensibilityGlobals) = postSolution
		SolutionGuid = {E06B3C9A-3481-4784-89E4-9F17094765BA}
	EndGlobalSection
EndGlobal
