
Microsoft Visual Studio Solution File, Format Version 12.00
# Visual Studio Version 17
VisualStudioVersion = 17.4.33122.133
MinimumVisualStudioVersion = 10.0.40219.1
Project("{FAE04EC0-301F-11D3-BF4B-00C04F79EFBC}") = "Projeto3Bim", "Projeto3Bim.csproj", "{EAE0042D-A24C-4D1E-A7D9-DBD59CF3352F}"
EndProject
Global
	GlobalSection(SolutionConfigurationPlatforms) = preSolution
		Debug|Any CPU = Debug|Any CPU
		Release|Any CPU = Release|Any CPU
	EndGlobalSection
	GlobalSection(ProjectConfigurationPlatforms) = postSolution
		{EAE0042D-A24C-4D1E-A7D9-DBD59CF3352F}.Debug|Any CPU.ActiveCfg = Debug|Any CPU
		{EAE0042D-A24C-4D1E-A7D9-DBD59CF3352F}.Debug|Any CPU.Build.0 = Debug|Any CPU
		{EAE0042D-A24C-4D1E-A7D9-DBD59CF3352F}.Release|Any CPU.ActiveCfg = Release|Any CPU
		{EAE0042D-A24C-4D1E-A7D9-DBD59CF3352F}.Release|Any CPU.Build.0 = Release|Any CPU
	EndGlobalSection
	GlobalSection(SolutionProperties) = preSolution
		HideSolutionNode = FALSE
	EndGlobalSection
	GlobalSection(ExtensibilityGlobals) = postSolution
		SolutionGuid = {97B972FC-8E57-45D8-A5A8-57A865814FE2}
	EndGlobalSection
EndGlobal
