
Microsoft Visual Studio Solution File, Format Version 12.00
# Visual Studio Version 16
VisualStudioVersion = 16.0.32228.343
MinimumVisualStudioVersion = 10.0.40219.1
Project("{FAE04EC0-301F-11D3-BF4B-00C04F79EFBC}") = "Projeto3°Bimestre", "Projeto3°Bimestre.csproj", "{6A8EFD2E-F1A6-4CA9-AA45-B587122CF70F}"
EndProject
Global
	GlobalSection(SolutionConfigurationPlatforms) = preSolution
		Debug|Any CPU = Debug|Any CPU
		Release|Any CPU = Release|Any CPU
	EndGlobalSection
	GlobalSection(ProjectConfigurationPlatforms) = postSolution
		{6A8EFD2E-F1A6-4CA9-AA45-B587122CF70F}.Debug|Any CPU.ActiveCfg = Debug|Any CPU
		{6A8EFD2E-F1A6-4CA9-AA45-B587122CF70F}.Debug|Any CPU.Build.0 = Debug|Any CPU
		{6A8EFD2E-F1A6-4CA9-AA45-B587122CF70F}.Release|Any CPU.ActiveCfg = Release|Any CPU
		{6A8EFD2E-F1A6-4CA9-AA45-B587122CF70F}.Release|Any CPU.Build.0 = Release|Any CPU
	EndGlobalSection
	GlobalSection(SolutionProperties) = preSolution
		HideSolutionNode = FALSE
	EndGlobalSection
	GlobalSection(ExtensibilityGlobals) = postSolution
		SolutionGuid = {7563DF5C-68B9-4E27-B271-13F248C92B55}
	EndGlobalSection
EndGlobal
